// !$*UTF8*$!
{
	archiveVersion = 1;
	classes = {
	};
	objectVersion = 55;
	objects = {

/* Begin PBXBuildFile section */
		3032A3702748DE4400EAE4F0 /* DemoApp.swift in Sources */ = {isa = PBXBuildFile; fileRef = 3032A3602748DE4400EAE4F0 /* DemoApp.swift */; };
		3032A3712748DE4400EAE4F0 /* DemoApp.swift in Sources */ = {isa = PBXBuildFile; fileRef = 3032A3602748DE4400EAE4F0 /* DemoApp.swift */; };
		3032A3722748DE4400EAE4F0 /* ContentView.swift in Sources */ = {isa = PBXBuildFile; fileRef = 3032A3612748DE4400EAE4F0 /* ContentView.swift */; };
		3032A3732748DE4400EAE4F0 /* ContentView.swift in Sources */ = {isa = PBXBuildFile; fileRef = 3032A3612748DE4400EAE4F0 /* ContentView.swift */; };
		3032A3742748DE4400EAE4F0 /* Assets.xcassets in Resources */ = {isa = PBXBuildFile; fileRef = 3032A3622748DE4400EAE4F0 /* Assets.xcassets */; };
		3032A3752748DE4400EAE4F0 /* Assets.xcassets in Resources */ = {isa = PBXBuildFile; fileRef = 3032A3622748DE4400EAE4F0 /* Assets.xcassets */; };
		3032A3812748DE5900EAE4F0 /* BetterListPicker in Frameworks */ = {isa = PBXBuildFile; productRef = 3032A3802748DE5900EAE4F0 /* BetterListPicker */; };
		3032A3832748DE5F00EAE4F0 /* BetterListPicker in Frameworks */ = {isa = PBXBuildFile; productRef = 3032A3822748DE5F00EAE4F0 /* BetterListPicker */; };
		3047669C274CC6D4000AEBBA /* DemoApp.swift in Sources */ = {isa = PBXBuildFile; fileRef = 3032A3602748DE4400EAE4F0 /* DemoApp.swift */; };
		3047669D274CC6D6000AEBBA /* ContentView.swift in Sources */ = {isa = PBXBuildFile; fileRef = 3032A3612748DE4400EAE4F0 /* ContentView.swift */; };
		3047669E274CC6D7000AEBBA /* Assets.xcassets in Resources */ = {isa = PBXBuildFile; fileRef = 3032A3622748DE4400EAE4F0 /* Assets.xcassets */; };
		304766A0274CC719000AEBBA /* BetterListPicker in Frameworks */ = {isa = PBXBuildFile; productRef = 3047669F274CC719000AEBBA /* BetterListPicker */; };
/* End PBXBuildFile section */

/* Begin PBXCopyFilesBuildPhase section */
		304766CB274CCD21000AEBBA /* Embed Watch Content */ = {
			isa = PBXCopyFilesBuildPhase;
			buildActionMask = 2147483647;
			dstPath = "$(CONTENTS_FOLDER_PATH)/Watch";
			dstSubfolderSpec = 16;
			files = (
			);
			name = "Embed Watch Content";
			runOnlyForDeploymentPostprocessing = 0;
		};
/* End PBXCopyFilesBuildPhase section */

/* Begin PBXFileReference section */
		3032A3602748DE4400EAE4F0 /* DemoApp.swift */ = {isa = PBXFileReference; lastKnownFileType = sourcecode.swift; path = DemoApp.swift; sourceTree = "<group>"; };
		3032A3612748DE4400EAE4F0 /* ContentView.swift */ = {isa = PBXFileReference; lastKnownFileType = sourcecode.swift; path = ContentView.swift; sourceTree = "<group>"; };
		3032A3622748DE4400EAE4F0 /* Assets.xcassets */ = {isa = PBXFileReference; lastKnownFileType = folder.assetcatalog; path = Assets.xcassets; sourceTree = "<group>"; };
		3032A3672748DE4400EAE4F0 /* Demo.app */ = {isa = PBXFileReference; explicitFileType = wrapper.application; includeInIndex = 0; path = Demo.app; sourceTree = BUILT_PRODUCTS_DIR; };
		3032A36D2748DE4400EAE4F0 /* Demo.app */ = {isa = PBXFileReference; explicitFileType = wrapper.application; includeInIndex = 0; path = Demo.app; sourceTree = BUILT_PRODUCTS_DIR; };
		3032A36F2748DE4400EAE4F0 /* macOS.entitlements */ = {isa = PBXFileReference; lastKnownFileType = text.plist.entitlements; path = macOS.entitlements; sourceTree = "<group>"; };
		3032A37E2748DE5100EAE4F0 /* BetterListPicker */ = {isa = PBXFileReference; lastKnownFileType = folder; name = BetterListPicker; path = ..; sourceTree = "<group>"; };
		3047668E274CC597000AEBBA /* Demo.app */ = {isa = PBXFileReference; explicitFileType = wrapper.application; includeInIndex = 0; path = Demo.app; sourceTree = BUILT_PRODUCTS_DIR; };
/* End PBXFileReference section */

/* Begin PBXFrameworksBuildPhase section */
		3032A3642748DE4400EAE4F0 /* Frameworks */ = {
			isa = PBXFrameworksBuildPhase;
			buildActionMask = 2147483647;
			files = (
				3032A3812748DE5900EAE4F0 /* BetterListPicker in Frameworks */,
			);
			runOnlyForDeploymentPostprocessing = 0;
		};
		3032A36A2748DE4400EAE4F0 /* Frameworks */ = {
			isa = PBXFrameworksBuildPhase;
			buildActionMask = 2147483647;
			files = (
				3032A3832748DE5F00EAE4F0 /* BetterListPicker in Frameworks */,
			);
			runOnlyForDeploymentPostprocessing = 0;
		};
		3047668B274CC597000AEBBA /* Frameworks */ = {
			isa = PBXFrameworksBuildPhase;
			buildActionMask = 2147483647;
			files = (
				304766A0274CC719000AEBBA /* BetterListPicker in Frameworks */,
			);
			runOnlyForDeploymentPostprocessing = 0;
		};
/* End PBXFrameworksBuildPhase section */

/* Begin PBXGroup section */
		3032A35A2748DE4400EAE4F0 = {
			isa = PBXGroup;
			children = (
				3032A37E2748DE5100EAE4F0 /* BetterListPicker */,
				3032A35F2748DE4400EAE4F0 /* Shared */,
				3032A36E2748DE4400EAE4F0 /* macOS */,
				3047668F274CC597000AEBBA /* tvOS */,
				3032A3682748DE4400EAE4F0 /* Products */,
				3032A37F2748DE5900EAE4F0 /* Frameworks */,
			);
			sourceTree = "<group>";
		};
		3032A35F2748DE4400EAE4F0 /* Shared */ = {
			isa = PBXGroup;
			children = (
				3032A3602748DE4400EAE4F0 /* DemoApp.swift */,
				3032A3612748DE4400EAE4F0 /* ContentView.swift */,
				3032A3622748DE4400EAE4F0 /* Assets.xcassets */,
			);
			path = Shared;
			sourceTree = "<group>";
		};
		3032A3682748DE4400EAE4F0 /* Products */ = {
			isa = PBXGroup;
			children = (
				3032A3672748DE4400EAE4F0 /* Demo.app */,
				3032A36D2748DE4400EAE4F0 /* Demo.app */,
				3047668E274CC597000AEBBA /* Demo.app */,
			);
			name = Products;
			sourceTree = "<group>";
		};
		3032A36E2748DE4400EAE4F0 /* macOS */ = {
			isa = PBXGroup;
			children = (
				3032A36F2748DE4400EAE4F0 /* macOS.entitlements */,
			);
			path = macOS;
			sourceTree = "<group>";
		};
		3032A37F2748DE5900EAE4F0 /* Frameworks */ = {
			isa = PBXGroup;
			children = (
			);
			name = Frameworks;
			sourceTree = "<group>";
		};
		3047668F274CC597000AEBBA /* tvOS */ = {
			isa = PBXGroup;
			children = (
			);
			path = tvOS;
			sourceTree = "<group>";
		};
/* End PBXGroup section */

/* Begin PBXNativeTarget section */
		3032A3662748DE4400EAE4F0 /* Demo (iOS) */ = {
			isa = PBXNativeTarget;
			buildConfigurationList = 3032A3782748DE4400EAE4F0 /* Build configuration list for PBXNativeTarget "Demo (iOS)" */;
			buildPhases = (
				3032A3632748DE4400EAE4F0 /* Sources */,
				3032A3642748DE4400EAE4F0 /* Frameworks */,
				3032A3652748DE4400EAE4F0 /* Resources */,
				3032A38527490EE500EAE4F0 /* ShellScript */,
				304766CB274CCD21000AEBBA /* Embed Watch Content */,
			);
			buildRules = (
			);
			dependencies = (
			);
			name = "Demo (iOS)";
			packageProductDependencies = (
				3032A3802748DE5900EAE4F0 /* BetterListPicker */,
			);
			productName = "Demo (iOS)";
			productReference = 3032A3672748DE4400EAE4F0 /* Demo.app */;
			productType = "com.apple.product-type.application";
		};
		3032A36C2748DE4400EAE4F0 /* Demo (macOS) */ = {
			isa = PBXNativeTarget;
			buildConfigurationList = 3032A37B2748DE4400EAE4F0 /* Build configuration list for PBXNativeTarget "Demo (macOS)" */;
			buildPhases = (
				3032A3692748DE4400EAE4F0 /* Sources */,
				3032A36A2748DE4400EAE4F0 /* Frameworks */,
				3032A36B2748DE4400EAE4F0 /* Resources */,
			);
			buildRules = (
			);
			dependencies = (
			);
			name = "Demo (macOS)";
			packageProductDependencies = (
				3032A3822748DE5F00EAE4F0 /* BetterListPicker */,
			);
			productName = "Demo (macOS)";
			productReference = 3032A36D2748DE4400EAE4F0 /* Demo.app */;
			productType = "com.apple.product-type.application";
		};
		3047668D274CC597000AEBBA /* Demo (tvOS) */ = {
			isa = PBXNativeTarget;
			buildConfigurationList = 30476699274CC597000AEBBA /* Build configuration list for PBXNativeTarget "Demo (tvOS)" */;
			buildPhases = (
				3047668A274CC597000AEBBA /* Sources */,
				3047668B274CC597000AEBBA /* Frameworks */,
				3047668C274CC597000AEBBA /* Resources */,
			);
			buildRules = (
			);
			dependencies = (
			);
			name = "Demo (tvOS)";
			packageProductDependencies = (
				3047669F274CC719000AEBBA /* BetterListPicker */,
			);
			productName = Demo;
			productReference = 3047668E274CC597000AEBBA /* Demo.app */;
			productType = "com.apple.product-type.application";
		};
/* End PBXNativeTarget section */

/* Begin PBXProject section */
		3032A35B2748DE4400EAE4F0 /* Project object */ = {
			isa = PBXProject;
			attributes = {
				BuildIndependentTargetsInParallel = 1;
				LastSwiftUpdateCheck = 1310;
				LastUpgradeCheck = 1310;
				TargetAttributes = {
					3032A3662748DE4400EAE4F0 = {
						CreatedOnToolsVersion = 13.1;
					};
					3032A36C2748DE4400EAE4F0 = {
						CreatedOnToolsVersion = 13.1;
					};
					3047668D274CC597000AEBBA = {
						CreatedOnToolsVersion = 13.1;
					};
				};
			};
			buildConfigurationList = 3032A35E2748DE4400EAE4F0 /* Build configuration list for PBXProject "Demo" */;
			compatibilityVersion = "Xcode 13.0";
			developmentRegion = en;
			hasScannedForEncodings = 0;
			knownRegions = (
				en,
				Base,
			);
			mainGroup = 3032A35A2748DE4400EAE4F0;
			productRefGroup = 3032A3682748DE4400EAE4F0 /* Products */;
			projectDirPath = "";
			projectRoot = "";
			targets = (
				3032A3662748DE4400EAE4F0 /* Demo (iOS) */,
				3032A36C2748DE4400EAE4F0 /* Demo (macOS) */,
				3047668D274CC597000AEBBA /* Demo (tvOS) */,
			);
		};
/* End PBXProject section */

/* Begin PBXResourcesBuildPhase section */
		3032A3652748DE4400EAE4F0 /* Resources */ = {
			isa = PBXResourcesBuildPhase;
			buildActionMask = 2147483647;
			files = (
				3032A3742748DE4400EAE4F0 /* Assets.xcassets in Resources */,
			);
			runOnlyForDeploymentPostprocessing = 0;
		};
		3032A36B2748DE4400EAE4F0 /* Resources */ = {
			isa = PBXResourcesBuildPhase;
			buildActionMask = 2147483647;
			files = (
				3032A3752748DE4400EAE4F0 /* Assets.xcassets in Resources */,
			);
			runOnlyForDeploymentPostprocessing = 0;
		};
		3047668C274CC597000AEBBA /* Resources */ = {
			isa = PBXResourcesBuildPhase;
			buildActionMask = 2147483647;
			files = (
				3047669E274CC6D7000AEBBA /* Assets.xcassets in Resources */,
			);
			runOnlyForDeploymentPostprocessing = 0;
		};
/* End PBXResourcesBuildPhase section */

/* Begin PBXShellScriptBuildPhase section */
		3032A38527490EE500EAE4F0 /* ShellScript */ = {
			isa = PBXShellScriptBuildPhase;
			buildActionMask = 2147483647;
			files = (
			);
			inputFileListPaths = (
			);
			inputPaths = (
			);
			outputFileListPaths = (
			);
			outputPaths = (
			);
			runOnlyForDeploymentPostprocessing = 0;
			shellPath = /bin/sh;
			shellScript = "if test -d \"/opt/homebrew/bin/\"; then\n  PATH=\"/opt/homebrew/bin/:${PATH}\"\nfi\n\nexport PATH\n\nif which swiftlint >/dev/null; then\n  swiftlint\nelse\n  echo \"warning: SwiftLint not installed, download from https://github.com/realm/SwiftLint\"\nfi\n";
		};
/* End PBXShellScriptBuildPhase section */

/* Begin PBXSourcesBuildPhase section */
		3032A3632748DE4400EAE4F0 /* Sources */ = {
			isa = PBXSourcesBuildPhase;
			buildActionMask = 2147483647;
			files = (
				3032A3722748DE4400EAE4F0 /* ContentView.swift in Sources */,
				3032A3702748DE4400EAE4F0 /* DemoApp.swift in Sources */,
			);
			runOnlyForDeploymentPostprocessing = 0;
		};
		3032A3692748DE4400EAE4F0 /* Sources */ = {
			isa = PBXSourcesBuildPhase;
			buildActionMask = 2147483647;
			files = (
				3032A3732748DE4400EAE4F0 /* ContentView.swift in Sources */,
				3032A3712748DE4400EAE4F0 /* DemoApp.swift in Sources */,
			);
			runOnlyForDeploymentPostprocessing = 0;
		};
		3047668A274CC597000AEBBA /* Sources */ = {
			isa = PBXSourcesBuildPhase;
			buildActionMask = 2147483647;
			files = (
				3047669D274CC6D6000AEBBA /* ContentView.swift in Sources */,
				3047669C274CC6D4000AEBBA /* DemoApp.swift in Sources */,
			);
			runOnlyForDeploymentPostprocessing = 0;
		};
/* End PBXSourcesBuildPhase section */

/* Begin XCBuildConfiguration section */
		3032A3762748DE4400EAE4F0 /* Debug */ = {
			isa = XCBuildConfiguration;
			buildSettings = {
				ALWAYS_SEARCH_USER_PATHS = NO;
				CLANG_ANALYZER_NONNULL = YES;
				CLANG_ANALYZER_NUMBER_OBJECT_CONVERSION = YES_AGGRESSIVE;
				CLANG_CXX_LANGUAGE_STANDARD = "gnu++17";
				CLANG_CXX_LIBRARY = "libc++";
				CLANG_ENABLE_MODULES = YES;
				CLANG_ENABLE_OBJC_ARC = YES;
				CLANG_ENABLE_OBJC_WEAK = YES;
				CLANG_WARN_BLOCK_CAPTURE_AUTORELEASING = YES;
				CLANG_WARN_BOOL_CONVERSION = YES;
				CLANG_WARN_COMMA = YES;
				CLANG_WARN_CONSTANT_CONVERSION = YES;
				CLANG_WARN_DEPRECATED_OBJC_IMPLEMENTATIONS = YES;
				CLANG_WARN_DIRECT_OBJC_ISA_USAGE = YES_ERROR;
				CLANG_WARN_DOCUMENTATION_COMMENTS = YES;
				CLANG_WARN_EMPTY_BODY = YES;
				CLANG_WARN_ENUM_CONVERSION = YES;
				CLANG_WARN_INFINITE_RECURSION = YES;
				CLANG_WARN_INT_CONVERSION = YES;
				CLANG_WARN_NON_LITERAL_NULL_CONVERSION = YES;
				CLANG_WARN_OBJC_IMPLICIT_RETAIN_SELF = YES;
				CLANG_WARN_OBJC_LITERAL_CONVERSION = YES;
				CLANG_WARN_OBJC_ROOT_CLASS = YES_ERROR;
				CLANG_WARN_QUOTED_INCLUDE_IN_FRAMEWORK_HEADER = YES;
				CLANG_WARN_RANGE_LOOP_ANALYSIS = YES;
				CLANG_WARN_STRICT_PROTOTYPES = YES;
				CLANG_WARN_SUSPICIOUS_MOVE = YES;
				CLANG_WARN_UNGUARDED_AVAILABILITY = YES_AGGRESSIVE;
				CLANG_WARN_UNREACHABLE_CODE = YES;
				CLANG_WARN__DUPLICATE_METHOD_MATCH = YES;
				COPY_PHASE_STRIP = NO;
				DEBUG_INFORMATION_FORMAT = dwarf;
				ENABLE_STRICT_OBJC_MSGSEND = YES;
				ENABLE_TESTABILITY = YES;
				GCC_C_LANGUAGE_STANDARD = gnu11;
				GCC_DYNAMIC_NO_PIC = NO;
				GCC_NO_COMMON_BLOCKS = YES;
				GCC_OPTIMIZATION_LEVEL = 0;
				GCC_PREPROCESSOR_DEFINITIONS = (
					"DEBUG=1",
					"$(inherited)",
				);
				GCC_WARN_64_TO_32_BIT_CONVERSION = YES;
				GCC_WARN_ABOUT_RETURN_TYPE = YES_ERROR;
				GCC_WARN_UNDECLARED_SELECTOR = YES;
				GCC_WARN_UNINITIALIZED_AUTOS = YES_AGGRESSIVE;
				GCC_WARN_UNUSED_FUNCTION = YES;
				GCC_WARN_UNUSED_VARIABLE = YES;
				MTL_ENABLE_DEBUG_INFO = INCLUDE_SOURCE;
				MTL_FAST_MATH = YES;
				ONLY_ACTIVE_ARCH = YES;
				SWIFT_ACTIVE_COMPILATION_CONDITIONS = DEBUG;
				SWIFT_OPTIMIZATION_LEVEL = "-Onone";
			};
			name = Debug;
		};
		3032A3772748DE4400EAE4F0 /* Release */ = {
			isa = XCBuildConfiguration;
			buildSettings = {
				ALWAYS_SEARCH_USER_PATHS = NO;
				CLANG_ANALYZER_NONNULL = YES;
				CLANG_ANALYZER_NUMBER_OBJECT_CONVERSION = YES_AGGRESSIVE;
				CLANG_CXX_LANGUAGE_STANDARD = "gnu++17";
				CLANG_CXX_LIBRARY = "libc++";
				CLANG_ENABLE_MODULES = YES;
				CLANG_ENABLE_OBJC_ARC = YES;
				CLANG_ENABLE_OBJC_WEAK = YES;
				CLANG_WARN_BLOCK_CAPTURE_AUTORELEASING = YES;
				CLANG_WARN_BOOL_CONVERSION = YES;
				CLANG_WARN_COMMA = YES;
				CLANG_WARN_CONSTANT_CONVERSION = YES;
				CLANG_WARN_DEPRECATED_OBJC_IMPLEMENTATIONS = YES;
				CLANG_WARN_DIRECT_OBJC_ISA_USAGE = YES_ERROR;
				CLANG_WARN_DOCUMENTATION_COMMENTS = YES;
				CLANG_WARN_EMPTY_BODY = YES;
				CLANG_WARN_ENUM_CONVERSION = YES;
				CLANG_WARN_INFINITE_RECURSION = YES;
				CLANG_WARN_INT_CONVERSION = YES;
				CLANG_WARN_NON_LITERAL_NULL_CONVERSION = YES;
				CLANG_WARN_OBJC_IMPLICIT_RETAIN_SELF = YES;
				CLANG_WARN_OBJC_LITERAL_CONVERSION = YES;
				CLANG_WARN_OBJC_ROOT_CLASS = YES_ERROR;
				CLANG_WARN_QUOTED_INCLUDE_IN_FRAMEWORK_HEADER = YES;
				CLANG_WARN_RANGE_LOOP_ANALYSIS = YES;
				CLANG_WARN_STRICT_PROTOTYPES = YES;
				CLANG_WARN_SUSPICIOUS_MOVE = YES;
				CLANG_WARN_UNGUARDED_AVAILABILITY = YES_AGGRESSIVE;
				CLANG_WARN_UNREACHABLE_CODE = YES;
				CLANG_WARN__DUPLICATE_METHOD_MATCH = YES;
				COPY_PHASE_STRIP = NO;
				DEBUG_INFORMATION_FORMAT = "dwarf-with-dsym";
				ENABLE_NS_ASSERTIONS = NO;
				ENABLE_STRICT_OBJC_MSGSEND = YES;
				GCC_C_LANGUAGE_STANDARD = gnu11;
				GCC_NO_COMMON_BLOCKS = YES;
				GCC_WARN_64_TO_32_BIT_CONVERSION = YES;
				GCC_WARN_ABOUT_RETURN_TYPE = YES_ERROR;
				GCC_WARN_UNDECLARED_SELECTOR = YES;
				GCC_WARN_UNINITIALIZED_AUTOS = YES_AGGRESSIVE;
				GCC_WARN_UNUSED_FUNCTION = YES;
				GCC_WARN_UNUSED_VARIABLE = YES;
				MTL_ENABLE_DEBUG_INFO = NO;
				MTL_FAST_MATH = YES;
				SWIFT_COMPILATION_MODE = wholemodule;
				SWIFT_OPTIMIZATION_LEVEL = "-O";
			};
			name = Release;
		};
		3032A3792748DE4400EAE4F0 /* Debug */ = {
			isa = XCBuildConfiguration;
			buildSettings = {
				ASSETCATALOG_COMPILER_APPICON_NAME = AppIcon;
				ASSETCATALOG_COMPILER_GLOBAL_ACCENT_COLOR_NAME = AccentColor;
				CODE_SIGN_STYLE = Automatic;
				CURRENT_PROJECT_VERSION = 1;
				ENABLE_PREVIEWS = YES;
				GENERATE_INFOPLIST_FILE = YES;
				INFOPLIST_KEY_UIApplicationSceneManifest_Generation = YES;
				INFOPLIST_KEY_UIApplicationSupportsIndirectInputEvents = YES;
				INFOPLIST_KEY_UILaunchScreen_Generation = YES;
				INFOPLIST_KEY_UISupportedInterfaceOrientations_iPad = "UIInterfaceOrientationPortrait UIInterfaceOrientationPortraitUpsideDown UIInterfaceOrientationLandscapeLeft UIInterfaceOrientationLandscapeRight";
				INFOPLIST_KEY_UISupportedInterfaceOrientations_iPhone = "UIInterfaceOrientationPortrait UIInterfaceOrientationLandscapeLeft UIInterfaceOrientationLandscapeRight";
				IPHONEOS_DEPLOYMENT_TARGET = 15.0;
				LD_RUNPATH_SEARCH_PATHS = (
					"$(inherited)",
					"@executable_path/Frameworks",
				);
				MARKETING_VERSION = 1.0;
				PRODUCT_BUNDLE_IDENTIFIER = com.example.Demo;
				PRODUCT_NAME = Demo;
				SDKROOT = iphoneos;
				SWIFT_EMIT_LOC_STRINGS = YES;
				SWIFT_VERSION = 5.0;
				TARGETED_DEVICE_FAMILY = "1,2";
			};
			name = Debug;
		};
		3032A37A2748DE4400EAE4F0 /* Release */ = {
			isa = XCBuildConfiguration;
			buildSettings = {
				ASSETCATALOG_COMPILER_APPICON_NAME = AppIcon;
				ASSETCATALOG_COMPILER_GLOBAL_ACCENT_COLOR_NAME = AccentColor;
				CODE_SIGN_STYLE = Automatic;
				CURRENT_PROJECT_VERSION = 1;
				ENABLE_PREVIEWS = YES;
				GENERATE_INFOPLIST_FILE = YES;
				INFOPLIST_KEY_UIApplicationSceneManifest_Generation = YES;
				INFOPLIST_KEY_UIApplicationSupportsIndirectInputEvents = YES;
				INFOPLIST_KEY_UILaunchScreen_Generation = YES;
				INFOPLIST_KEY_UISupportedInterfaceOrientations_iPad = "UIInterfaceOrientationPortrait UIInterfaceOrientationPortraitUpsideDown UIInterfaceOrientationLandscapeLeft UIInterfaceOrientationLandscapeRight";
				INFOPLIST_KEY_UISupportedInterfaceOrientations_iPhone = "UIInterfaceOrientationPortrait UIInterfaceOrientationLandscapeLeft UIInterfaceOrientationLandscapeRight";
				IPHONEOS_DEPLOYMENT_TARGET = 15.0;
				LD_RUNPATH_SEARCH_PATHS = (
					"$(inherited)",
					"@executable_path/Frameworks",
				);
				MARKETING_VERSION = 1.0;
				PRODUCT_BUNDLE_IDENTIFIER = com.example.Demo;
				PRODUCT_NAME = Demo;
				SDKROOT = iphoneos;
				SWIFT_EMIT_LOC_STRINGS = YES;
				SWIFT_VERSION = 5.0;
				TARGETED_DEVICE_FAMILY = "1,2";
				VALIDATE_PRODUCT = YES;
			};
			name = Release;
		};
		3032A37C2748DE4400EAE4F0 /* Debug */ = {
			isa = XCBuildConfiguration;
			buildSettings = {
				ASSETCATALOG_COMPILER_APPICON_NAME = AppIcon;
				ASSETCATALOG_COMPILER_GLOBAL_ACCENT_COLOR_NAME = AccentColor;
				CODE_SIGN_ENTITLEMENTS = macOS/macOS.entitlements;
				CODE_SIGN_STYLE = Automatic;
				COMBINE_HIDPI_IMAGES = YES;
				CURRENT_PROJECT_VERSION = 1;
				ENABLE_PREVIEWS = YES;
				GENERATE_INFOPLIST_FILE = YES;
				INFOPLIST_KEY_NSHumanReadableCopyright = "";
				LD_RUNPATH_SEARCH_PATHS = (
					"$(inherited)",
					"@executable_path/../Frameworks",
				);
				MACOSX_DEPLOYMENT_TARGET = 12.0;
				MARKETING_VERSION = 1.0;
				PRODUCT_BUNDLE_IDENTIFIER = com.example.Demo;
				PRODUCT_NAME = Demo;
				SDKROOT = macosx;
				SWIFT_EMIT_LOC_STRINGS = YES;
				SWIFT_VERSION = 5.0;
			};
			name = Debug;
		};
		3032A37D2748DE4400EAE4F0 /* Release */ = {
			isa = XCBuildConfiguration;
			buildSettings = {
				ASSETCATALOG_COMPILER_APPICON_NAME = AppIcon;
				ASSETCATALOG_COMPILER_GLOBAL_ACCENT_COLOR_NAME = AccentColor;
				CODE_SIGN_ENTITLEMENTS = macOS/macOS.entitlements;
				CODE_SIGN_STYLE = Automatic;
				COMBINE_HIDPI_IMAGES = YES;
				CURRENT_PROJECT_VERSION = 1;
				ENABLE_PREVIEWS = YES;
				GENERATE_INFOPLIST_FILE = YES;
				INFOPLIST_KEY_NSHumanReadableCopyright = "";
				LD_RUNPATH_SEARCH_PATHS = (
					"$(inherited)",
					"@executable_path/../Frameworks",
				);
				MACOSX_DEPLOYMENT_TARGET = 12.0;
				MARKETING_VERSION = 1.0;
				PRODUCT_BUNDLE_IDENTIFIER = com.example.Demo;
				PRODUCT_NAME = Demo;
				SDKROOT = macosx;
				SWIFT_EMIT_LOC_STRINGS = YES;
				SWIFT_VERSION = 5.0;
			};
			name = Release;
		};
		3047669A274CC597000AEBBA /* Debug */ = {
			isa = XCBuildConfiguration;
			buildSettings = {
				ASSETCATALOG_COMPILER_APPICON_NAME = "App Icon & Top Shelf Image";
				ASSETCATALOG_COMPILER_GLOBAL_ACCENT_COLOR_NAME = AccentColor;
				CODE_SIGN_STYLE = Automatic;
				CURRENT_PROJECT_VERSION = 1;
				DEVELOPMENT_ASSET_PATHS = "";
				ENABLE_PREVIEWS = YES;
				GENERATE_INFOPLIST_FILE = YES;
				INFOPLIST_KEY_UILaunchScreen_Generation = YES;
				INFOPLIST_KEY_UIUserInterfaceStyle = Automatic;
				LD_RUNPATH_SEARCH_PATHS = (
					"$(inherited)",
					"@executable_path/Frameworks",
				);
				MARKETING_VERSION = 1.0;
				PRODUCT_BUNDLE_IDENTIFIER = com.example.Demo;
				PRODUCT_NAME = Demo;
				SDKROOT = appletvos;
				SWIFT_EMIT_LOC_STRINGS = YES;
				SWIFT_VERSION = 5.0;
				TARGETED_DEVICE_FAMILY = 3;
				TVOS_DEPLOYMENT_TARGET = 15.0;
			};
			name = Debug;
		};
		3047669B274CC597000AEBBA /* Release */ = {
			isa = XCBuildConfiguration;
			buildSettings = {
				ASSETCATALOG_COMPILER_APPICON_NAME = "App Icon & Top Shelf Image";
				ASSETCATALOG_COMPILER_GLOBAL_ACCENT_COLOR_NAME = AccentColor;
				CODE_SIGN_STYLE = Automatic;
				CURRENT_PROJECT_VERSION = 1;
				DEVELOPMENT_ASSET_PATHS = "";
				ENABLE_PREVIEWS = YES;
				GENERATE_INFOPLIST_FILE = YES;
				INFOPLIST_KEY_UILaunchScreen_Generation = YES;
				INFOPLIST_KEY_UIUserInterfaceStyle = Automatic;
				LD_RUNPATH_SEARCH_PATHS = (
					"$(inherited)",
					"@executable_path/Frameworks",
				);
				MARKETING_VERSION = 1.0;
				PRODUCT_BUNDLE_IDENTIFIER = com.example.Demo;
				PRODUCT_NAME = Demo;
				SDKROOT = appletvos;
				SWIFT_EMIT_LOC_STRINGS = YES;
				SWIFT_VERSION = 5.0;
				TARGETED_DEVICE_FAMILY = 3;
				TVOS_DEPLOYMENT_TARGET = 15.0;
				VALIDATE_PRODUCT = YES;
			};
			name = Release;
		};
/* End XCBuildConfiguration section */

/* Begin XCConfigurationList section */
		3032A35E2748DE4400EAE4F0 /* Build configuration list for PBXProject "Demo" */ = {
			isa = XCConfigurationList;
			buildConfigurations = (
				3032A3762748DE4400EAE4F0 /* Debug */,
				3032A3772748DE4400EAE4F0 /* Release */,
			);
			defaultConfigurationIsVisible = 0;
			defaultConfigurationName = Release;
		};
		3032A3782748DE4400EAE4F0 /* Build configuration list for PBXNativeTarget "Demo (iOS)" */ = {
			isa = XCConfigurationList;
			buildConfigurations = (
				3032A3792748DE4400EAE4F0 /* Debug */,
				3032A37A2748DE4400EAE4F0 /* Release */,
			);
			defaultConfigurationIsVisible = 0;
			defaultConfigurationName = Release;
		};
		3032A37B2748DE4400EAE4F0 /* Build configuration list for PBXNativeTarget "Demo (macOS)" */ = {
			isa = XCConfigurationList;
			buildConfigurations = (
				3032A37C2748DE4400EAE4F0 /* Debug */,
				3032A37D2748DE4400EAE4F0 /* Release */,
			);
			defaultConfigurationIsVisible = 0;
			defaultConfigurationName = Release;
		};
		30476699274CC597000AEBBA /* Build configuration list for PBXNativeTarget "Demo (tvOS)" */ = {
			isa = XCConfigurationList;
			buildConfigurations = (
				3047669A274CC597000AEBBA /* Debug */,
				3047669B274CC597000AEBBA /* Release */,
			);
			defaultConfigurationIsVisible = 0;
			defaultConfigurationName = Release;
		};
/* End XCConfigurationList section */

/* Begin XCSwiftPackageProductDependency section */
		3032A3802748DE5900EAE4F0 /* BetterListPicker */ = {
			isa = XCSwiftPackageProductDependency;
			productName = BetterListPicker;
		};
		3032A3822748DE5F00EAE4F0 /* BetterListPicker */ = {
			isa = XCSwiftPackageProductDependency;
			productName = BetterListPicker;
		};
		3047669F274CC719000AEBBA /* BetterListPicker */ = {
			isa = XCSwiftPackageProductDependency;
			productName = BetterListPicker;
		};
/* End XCSwiftPackageProductDependency section */
	};
	rootObject = 3032A35B2748DE4400EAE4F0 /* Project object */;
}
